// !$*UTF8*$!
{
	archiveVersion = 1;
	classes = {
	};
	objectVersion = 46;
	objects = {

/* Begin PBXBuildFile section */
		3FF514B91D376EDD0098FF14 /* AppDelegate.swift in Sources */ = {isa = PBXBuildFile; fileRef = 3FF514B81D376EDD0098FF14 /* AppDelegate.swift */; };
		3FF514BB1D376EDD0098FF14 /* ViewController.swift in Sources */ = {isa = PBXBuildFile; fileRef = 3FF514BA1D376EDD0098FF14 /* ViewController.swift */; };
		3FF514BE1D376EDD0098FF14 /* Main.storyboard in Resources */ = {isa = PBXBuildFile; fileRef = 3FF514BC1D376EDD0098FF14 /* Main.storyboard */; };
		3FF514C01D376EDE0098FF14 /* Assets.xcassets in Resources */ = {isa = PBXBuildFile; fileRef = 3FF514BF1D376EDE0098FF14 /* Assets.xcassets */; };
		3FF514C31D376EDE0098FF14 /* LaunchScreen.storyboard in Resources */ = {isa = PBXBuildFile; fileRef = 3FF514C11D376EDE0098FF14 /* LaunchScreen.storyboard */; };
		3FF514CE1D376EDE0098FF14 /* testapp1Tests.swift in Sources */ = {isa = PBXBuildFile; fileRef = 3FF514CD1D376EDE0098FF14 /* testapp1Tests.swift */; };
		3FF514D91D376EDF0098FF14 /* testapp1UITests.swift in Sources */ = {isa = PBXBuildFile; fileRef = 3FF514D81D376EDF0098FF14 /* testapp1UITests.swift */; };
/* End PBXBuildFile section */

/* Begin PBXContainerItemProxy section */
		3FF514CA1D376EDE0098FF14 /* PBXContainerItemProxy */ = {
			isa = PBXContainerItemProxy;
			containerPortal = 3FF514AD1D376ECE0098FF14 /* Project object */;
			proxyType = 1;
			remoteGlobalIDString = 3FF514B41D376ECE0098FF14;
			remoteInfo = testapp1;
		};
		3FF514D51D376EDF0098FF14 /* PBXContainerItemProxy */ = {
			isa = PBXContainerItemProxy;
			containerPortal = 3FF514AD1D376ECE0098FF14 /* Project object */;
			proxyType = 1;
			remoteGlobalIDString = 3FF514B41D376ECE0098FF14;
			remoteInfo = testapp1;
		};
/* End PBXContainerItemProxy section */

/* Begin PBXFileReference section */
		3FF514B51D376ECE0098FF14 /* testapp1.app */ = {isa = PBXFileReference; explicitFileType = wrapper.application; includeInIndex = 0; path = testapp1.app; sourceTree = BUILT_PRODUCTS_DIR; };
		3FF514B81D376EDD0098FF14 /* AppDelegate.swift */ = {isa = PBXFileReference; lastKnownFileType = sourcecode.swift; path = AppDelegate.swift; sourceTree = "<group>"; };
		3FF514BA1D376EDD0098FF14 /* ViewController.swift */ = {isa = PBXFileReference; lastKnownFileType = sourcecode.swift; path = ViewController.swift; sourceTree = "<group>"; };
		3FF514BD1D376EDD0098FF14 /* Base */ = {isa = PBXFileReference; lastKnownFileType = file.storyboard; name = Base; path = Base.lproj/Main.storyboard; sourceTree = "<group>"; };
		3FF514BF1D376EDE0098FF14 /* Assets.xcassets */ = {isa = PBXFileReference; lastKnownFileType = folder.assetcatalog; path = Assets.xcassets; sourceTree = "<group>"; };
		3FF514C21D376EDE0098FF14 /* Base */ = {isa = PBXFileReference; lastKnownFileType = file.storyboard; name = Base; path = Base.lproj/LaunchScreen.storyboard; sourceTree = "<group>"; };
		3FF514C41D376EDE0098FF14 /* Info.plist */ = {isa = PBXFileReference; lastKnownFileType = text.plist.xml; path = Info.plist; sourceTree = "<group>"; };
		3FF514C91D376EDE0098FF14 /* testapp1Tests.xctest */ = {isa = PBXFileReference; explicitFileType = wrapper.cfbundle; includeInIndex = 0; path = testapp1Tests.xctest; sourceTree = BUILT_PRODUCTS_DIR; };
		3FF514CD1D376EDE0098FF14 /* testapp1Tests.swift */ = {isa = PBXFileReference; lastKnownFileType = sourcecode.swift; path = testapp1Tests.swift; sourceTree = "<group>"; };
		3FF514CF1D376EDE0098FF14 /* Info.plist */ = {isa = PBXFileReference; lastKnownFileType = text.plist.xml; path = Info.plist; sourceTree = "<group>"; };
		3FF514D41D376EDF0098FF14 /* testapp1UITests.xctest */ = {isa = PBXFileReference; explicitFileType = wrapper.cfbundle; includeInIndex = 0; path = testapp1UITests.xctest; sourceTree = BUILT_PRODUCTS_DIR; };
		3FF514D81D376EDF0098FF14 /* testapp1UITests.swift */ = {isa = PBXFileReference; lastKnownFileType = sourcecode.swift; path = testapp1UITests.swift; sourceTree = "<group>"; };
		3FF514DA1D376EDF0098FF14 /* Info.plist */ = {isa = PBXFileReference; lastKnownFileType = text.plist.xml; path = Info.plist; sourceTree = "<group>"; };
/* End PBXFileReference section */

/* Begin PBXFrameworksBuildPhase section */
		3FF514B21D376ECE0098FF14 /* Frameworks */ = {
			isa = PBXFrameworksBuildPhase;
			buildActionMask = 2147483647;
			files = (
			);
			runOnlyForDeploymentPostprocessing = 0;
		};
		3FF514C61D376EDE0098FF14 /* Frameworks */ = {
			isa = PBXFrameworksBuildPhase;
			buildActionMask = 2147483647;
			files = (
			);
			runOnlyForDeploymentPostprocessing = 0;
		};
		3FF514D11D376EDE0098FF14 /* Frameworks */ = {
			isa = PBXFrameworksBuildPhase;
			buildActionMask = 2147483647;
			files = (
			);
			runOnlyForDeploymentPostprocessing = 0;
		};
/* End PBXFrameworksBuildPhase section */

/* Begin PBXGroup section */
		3FF514AC1D376ECD0098FF14 = {
			isa = PBXGroup;
			children = (
				3FF514B71D376EDD0098FF14 /* testapp1 */,
				3FF514CC1D376EDE0098FF14 /* testapp1Tests */,
				3FF514D71D376EDF0098FF14 /* testapp1UITests */,
				3FF514B61D376ECE0098FF14 /* Products */,
			);
			sourceTree = "<group>";
		};
		3FF514B61D376ECE0098FF14 /* Products */ = {
			isa = PBXGroup;
			children = (
				3FF514B51D376ECE0098FF14 /* testapp1.app */,
				3FF514C91D376EDE0098FF14 /* testapp1Tests.xctest */,
				3FF514D41D376EDF0098FF14 /* testapp1UITests.xctest */,
			);
			name = Products;
			sourceTree = "<group>";
		};
		3FF514B71D376EDD0098FF14 /* testapp1 */ = {
			isa = PBXGroup;
			children = (
				3FF514B81D376EDD0098FF14 /* AppDelegate.swift */,
				3FF514BA1D376EDD0098FF14 /* ViewController.swift */,
				3FF514BC1D376EDD0098FF14 /* Main.storyboard */,
				3FF514BF1D376EDE0098FF14 /* Assets.xcassets */,
				3FF514C11D376EDE0098FF14 /* LaunchScreen.storyboard */,
				3FF514C41D376EDE0098FF14 /* Info.plist */,
			);
			path = testapp1;
			sourceTree = "<group>";
		};
		3FF514CC1D376EDE0098FF14 /* testapp1Tests */ = {
			isa = PBXGroup;
			children = (
				3FF514CD1D376EDE0098FF14 /* testapp1Tests.swift */,
				3FF514CF1D376EDE0098FF14 /* Info.plist */,
			);
			path = testapp1Tests;
			sourceTree = "<group>";
		};
		3FF514D71D376EDF0098FF14 /* testapp1UITests */ = {
			isa = PBXGroup;
			children = (
				3FF514D81D376EDF0098FF14 /* testapp1UITests.swift */,
				3FF514DA1D376EDF0098FF14 /* Info.plist */,
			);
			path = testapp1UITests;
			sourceTree = "<group>";
		};
/* End PBXGroup section */

/* Begin PBXNativeTarget section */
		3FF514B41D376ECE0098FF14 /* testapp1 */ = {
			isa = PBXNativeTarget;
			buildConfigurationList = 3FF514DD1D376EDF0098FF14 /* Build configuration list for PBXNativeTarget "testapp1" */;
			buildPhases = (
				3FF514B11D376ECE0098FF14 /* Sources */,
				3FF514B21D376ECE0098FF14 /* Frameworks */,
				3FF514B31D376ECE0098FF14 /* Resources */,
			);
			buildRules = (
			);
			dependencies = (
			);
			name = testapp1;
			productName = testapp1;
			productReference = 3FF514B51D376ECE0098FF14 /* testapp1.app */;
			productType = "com.apple.product-type.application";
		};
		3FF514C81D376EDE0098FF14 /* testapp1Tests */ = {
			isa = PBXNativeTarget;
			buildConfigurationList = 3FF514E01D376EDF0098FF14 /* Build configuration list for PBXNativeTarget "testapp1Tests" */;
			buildPhases = (
				3FF514C51D376EDE0098FF14 /* Sources */,
				3FF514C61D376EDE0098FF14 /* Frameworks */,
				3FF514C71D376EDE0098FF14 /* Resources */,
			);
			buildRules = (
			);
			dependencies = (
				3FF514CB1D376EDE0098FF14 /* PBXTargetDependency */,
			);
			name = testapp1Tests;
			productName = testapp1Tests;
			productReference = 3FF514C91D376EDE0098FF14 /* testapp1Tests.xctest */;
			productType = "com.apple.product-type.bundle.unit-test";
		};
		3FF514D31D376EDE0098FF14 /* testapp1UITests */ = {
			isa = PBXNativeTarget;
			buildConfigurationList = 3FF514E31D376EDF0098FF14 /* Build configuration list for PBXNativeTarget "testapp1UITests" */;
			buildPhases = (
				3FF514D01D376EDE0098FF14 /* Sources */,
				3FF514D11D376EDE0098FF14 /* Frameworks */,
				3FF514D21D376EDE0098FF14 /* Resources */,
			);
			buildRules = (
			);
			dependencies = (
				3FF514D61D376EDF0098FF14 /* PBXTargetDependency */,
			);
			name = testapp1UITests;
			productName = testapp1UITests;
			productReference = 3FF514D41D376EDF0098FF14 /* testapp1UITests.xctest */;
			productType = "com.apple.product-type.bundle.ui-testing";
		};
/* End PBXNativeTarget section */

/* Begin PBXProject section */
		3FF514AD1D376ECE0098FF14 /* Project object */ = {
			isa = PBXProject;
			attributes = {
				LastSwiftUpdateCheck = 0730;
				LastUpgradeCheck = 0730;
				ORGANIZATIONNAME = dagmara;
				TargetAttributes = {
					3FF514B41D376ECE0098FF14 = {
						CreatedOnToolsVersion = 7.3.1;
					};
					3FF514C81D376EDE0098FF14 = {
						CreatedOnToolsVersion = 7.3.1;
						TestTargetID = 3FF514B41D376ECE0098FF14;
					};
					3FF514D31D376EDE0098FF14 = {
						CreatedOnToolsVersion = 7.3.1;
						TestTargetID = 3FF514B41D376ECE0098FF14;
					};
				};
			};
			buildConfigurationList = 3FF514B01D376ECE0098FF14 /* Build configuration list for PBXProject "testapp1" */;
			compatibilityVersion = "Xcode 3.2";
			developmentRegion = English;
			hasScannedForEncodings = 0;
			knownRegions = (
				en,
				Base,
			);
			mainGroup = 3FF514AC1D376ECD0098FF14;
			productRefGroup = 3FF514B61D376ECE0098FF14 /* Products */;
			projectDirPath = "";
			projectRoot = "";
			targets = (
				3FF514B41D376ECE0098FF14 /* testapp1 */,
				3FF514C81D376EDE0098FF14 /* testapp1Tests */,
				3FF514D31D376EDE0098FF14 /* testapp1UITests */,
			);
		};
/* End PBXProject section */

/* Begin PBXResourcesBuildPhase section */
		3FF514B31D376ECE0098FF14 /* Resources */ = {
			isa = PBXResourcesBuildPhase;
			buildActionMask = 2147483647;
			files = (
				3FF514C31D376EDE0098FF14 /* LaunchScreen.storyboard in Resources */,
				3FF514C01D376EDE0098FF14 /* Assets.xcassets in Resources */,
				3FF514BE1D376EDD0098FF14 /* Main.storyboard in Resources */,
			);
			runOnlyForDeploymentPostprocessing = 0;
		};
		3FF514C71D376EDE0098FF14 /* Resources */ = {
			isa = PBXResourcesBuildPhase;
			buildActionMask = 2147483647;
			files = (
			);
			runOnlyForDeploymentPostprocessing = 0;
		};
		3FF514D21D376EDE0098FF14 /* Resources */ = {
			isa = PBXResourcesBuildPhase;
			buildActionMask = 2147483647;
			files = (
			);
			runOnlyForDeploymentPostprocessing = 0;
		};
/* End PBXResourcesBuildPhase section */

/* Begin PBXSourcesBuildPhase section */
		3FF514B11D376ECE0098FF14 /* Sources */ = {
			isa = PBXSourcesBuildPhase;
			buildActionMask = 2147483647;
			files = (
				3FF514BB1D376EDD0098FF14 /* ViewController.swift in Sources */,
				3FF514B91D376EDD0098FF14 /* AppDelegate.swift in Sources */,
			);
			runOnlyForDeploymentPostprocessing = 0;
		};
		3FF514C51D376EDE0098FF14 /* Sources */ = {
			isa = PBXSourcesBuildPhase;
			buildActionMask = 2147483647;
			files = (
				3FF514CE1D376EDE0098FF14 /* testapp1Tests.swift in Sources */,
			);
			runOnlyForDeploymentPostprocessing = 0;
		};
		3FF514D01D376EDE0098FF14 /* Sources */ = {
			isa = PBXSourcesBuildPhase;
			buildActionMask = 2147483647;
			files = (
				3FF514D91D376EDF0098FF14 /* testapp1UITests.swift in Sources */,
			);
			runOnlyForDeploymentPostprocessing = 0;
		};
/* End PBXSourcesBuildPhase section */

/* Begin PBXTargetDependency section */
		3FF514CB1D376EDE0098FF14 /* PBXTargetDependency */ = {
			isa = PBXTargetDependency;
			target = 3FF514B41D376ECE0098FF14 /* testapp1 */;
			targetProxy = 3FF514CA1D376EDE0098FF14 /* PBXContainerItemProxy */;
		};
		3FF514D61D376EDF0098FF14 /* PBXTargetDependency */ = {
			isa = PBXTargetDependency;
			target = 3FF514B41D376ECE0098FF14 /* testapp1 */;
			targetProxy = 3FF514D51D376EDF0098FF14 /* PBXContainerItemProxy */;
		};
/* End PBXTargetDependency section */

/* Begin PBXVariantGroup section */
		3FF514BC1D376EDD0098FF14 /* Main.storyboard */ = {
			isa = PBXVariantGroup;
			children = (
				3FF514BD1D376EDD0098FF14 /* Base */,
			);
			name = Main.storyboard;
			sourceTree = "<group>";
		};
		3FF514C11D376EDE0098FF14 /* LaunchScreen.storyboard */ = {
			isa = PBXVariantGroup;
			children = (
				3FF514C21D376EDE0098FF14 /* Base */,
			);
			name = LaunchScreen.storyboard;
			sourceTree = "<group>";
		};
/* End PBXVariantGroup section */

/* Begin XCBuildConfiguration section */
		3FF514DB1D376EDF0098FF14 /* Debug */ = {
			isa = XCBuildConfiguration;
			buildSettings = {
				ALWAYS_SEARCH_USER_PATHS = NO;
				CLANG_ANALYZER_NONNULL = YES;
				CLANG_CXX_LANGUAGE_STANDARD = "gnu++0x";
				CLANG_CXX_LIBRARY = "libc++";
				CLANG_ENABLE_MODULES = YES;
				CLANG_ENABLE_OBJC_ARC = YES;
				CLANG_WARN_BOOL_CONVERSION = YES;
				CLANG_WARN_CONSTANT_CONVERSION = YES;
				CLANG_WARN_DIRECT_OBJC_ISA_USAGE = YES_ERROR;
				CLANG_WARN_EMPTY_BODY = YES;
				CLANG_WARN_ENUM_CONVERSION = YES;
				CLANG_WARN_INT_CONVERSION = YES;
				CLANG_WARN_OBJC_ROOT_CLASS = YES_ERROR;
				CLANG_WARN_UNREACHABLE_CODE = YES;
				CLANG_WARN__DUPLICATE_METHOD_MATCH = YES;
				"CODE_SIGN_IDENTITY[sdk=iphoneos*]" = "iPhone Developer";
				COPY_PHASE_STRIP = NO;
				DEBUG_INFORMATION_FORMAT = dwarf;
				ENABLE_STRICT_OBJC_MSGSEND = YES;
				ENABLE_TESTABILITY = YES;
				GCC_C_LANGUAGE_STANDARD = gnu99;
				GCC_DYNAMIC_NO_PIC = NO;
				GCC_NO_COMMON_BLOCKS = YES;
				GCC_OPTIMIZATION_LEVEL = 0;
				GCC_PREPROCESSOR_DEFINITIONS = (
					"DEBUG=1",
					"$(inherited)",
				);
				GCC_WARN_64_TO_32_BIT_CONVERSION = YES;
				GCC_WARN_ABOUT_RETURN_TYPE = YES_ERROR;
				GCC_WARN_UNDECLARED_SELECTOR = YES;
				GCC_WARN_UNINITIALIZED_AUTOS = YES_AGGRESSIVE;
				GCC_WARN_UNUSED_FUNCTION = YES;
				GCC_WARN_UNUSED_VARIABLE = YES;
				IPHONEOS_DEPLOYMENT_TARGET = 9.3;
				MTL_ENABLE_DEBUG_INFO = YES;
				ONLY_ACTIVE_ARCH = YES;
				SDKROOT = iphoneos;
				SWIFT_OPTIMIZATION_LEVEL = "-Onone";
				TARGETED_DEVICE_FAMILY = "1,2";
			};
			name = Debug;
		};
		3FF514DC1D376EDF0098FF14 /* Release */ = {
			isa = XCBuildConfiguration;
			buildSettings = {
				ALWAYS_SEARCH_USER_PATHS = NO;
				CLANG_ANALYZER_NONNULL = YES;
				CLANG_CXX_LANGUAGE_STANDARD = "gnu++0x";
				CLANG_CXX_LIBRARY = "libc++";
				CLANG_ENABLE_MODULES = YES;
				CLANG_ENABLE_OBJC_ARC = YES;
				CLANG_WARN_BOOL_CONVERSION = YES;
				CLANG_WARN_CONSTANT_CONVERSION = YES;
				CLANG_WARN_DIRECT_OBJC_ISA_USAGE = YES_ERROR;
				CLANG_WARN_EMPTY_BODY = YES;
				CLANG_WARN_ENUM_CONVERSION = YES;
				CLANG_WARN_INT_CONVERSION = YES;
				CLANG_WARN_OBJC_ROOT_CLASS = YES_ERROR;
				CLANG_WARN_UNREACHABLE_CODE = YES;
				CLANG_WARN__DUPLICATE_METHOD_MATCH = YES;
				"CODE_SIGN_IDENTITY[sdk=iphoneos*]" = "iPhone Developer";
				COPY_PHASE_STRIP = NO;
				DEBUG_INFORMATION_FORMAT = "dwarf-with-dsym";
				ENABLE_NS_ASSERTIONS = NO;
				ENABLE_STRICT_OBJC_MSGSEND = YES;
				GCC_C_LANGUAGE_STANDARD = gnu99;
				GCC_NO_COMMON_BLOCKS = YES;
				GCC_WARN_64_TO_32_BIT_CONVERSION = YES;
				GCC_WARN_ABOUT_RETURN_TYPE = YES_ERROR;
				GCC_WARN_UNDECLARED_SELECTOR = YES;
				GCC_WARN_UNINITIALIZED_AUTOS = YES_AGGRESSIVE;
				GCC_WARN_UNUSED_FUNCTION = YES;
				GCC_WARN_UNUSED_VARIABLE = YES;
				IPHONEOS_DEPLOYMENT_TARGET = 9.3;
				MTL_ENABLE_DEBUG_INFO = NO;
				SDKROOT = iphoneos;
				TARGETED_DEVICE_FAMILY = "1,2";
				VALIDATE_PRODUCT = YES;
			};
			name = Release;
		};
		3FF514DE1D376EDF0098FF14 /* Debug */ = {
			isa = XCBuildConfiguration;
			buildSettings = {
				ASSETCATALOG_COMPILER_APPICON_NAME = AppIcon;
				INFOPLIST_FILE = testapp1/Info.plist;
				LD_RUNPATH_SEARCH_PATHS = "$(inherited) @executable_path/Frameworks";
				PRODUCT_BUNDLE_IDENTIFIER = dg.testapp1;
				PRODUCT_NAME = "$(TARGET_NAME)";
			};
			name = Debug;
		};
		3FF514DF1D376EDF0098FF14 /* Release */ = {
			isa = XCBuildConfiguration;
			buildSettings = {
				ASSETCATALOG_COMPILER_APPICON_NAME = AppIcon;
				INFOPLIST_FILE = testapp1/Info.plist;
				LD_RUNPATH_SEARCH_PATHS = "$(inherited) @executable_path/Frameworks";
				PRODUCT_BUNDLE_IDENTIFIER = dg.testapp1;
				PRODUCT_NAME = "$(TARGET_NAME)";
			};
			name = Release;
		};
		3FF514E11D376EDF0098FF14 /* Debug */ = {
			isa = XCBuildConfiguration;
			buildSettings = {
				BUNDLE_LOADER = "$(TEST_HOST)";
				INFOPLIST_FILE = testapp1Tests/Info.plist;
				LD_RUNPATH_SEARCH_PATHS = "$(inherited) @executable_path/Frameworks @loader_path/Frameworks";
				PRODUCT_BUNDLE_IDENTIFIER = dg.testapp1Tests;
				PRODUCT_NAME = "$(TARGET_NAME)";
				TEST_HOST = "$(BUILT_PRODUCTS_DIR)/testapp1.app/testapp1";
			};
			name = Debug;
		};
		3FF514E21D376EDF0098FF14 /* Release */ = {
			isa = XCBuildConfiguration;
			buildSettings = {
				BUNDLE_LOADER = "$(TEST_HOST)";
				INFOPLIST_FILE = testapp1Tests/Info.plist;
				LD_RUNPATH_SEARCH_PATHS = "$(inherited) @executable_path/Frameworks @loader_path/Frameworks";
				PRODUCT_BUNDLE_IDENTIFIER = dg.testapp1Tests;
				PRODUCT_NAME = "$(TARGET_NAME)";
				TEST_HOST = "$(BUILT_PRODUCTS_DIR)/testapp1.app/testapp1";
			};
			name = Release;
		};
		3FF514E41D376EDF0098FF14 /* Debug */ = {
			isa = XCBuildConfiguration;
			buildSettings = {
				INFOPLIST_FILE = testapp1UITests/Info.plist;
				LD_RUNPATH_SEARCH_PATHS = "$(inherited) @executable_path/Frameworks @loader_path/Frameworks";
				PRODUCT_BUNDLE_IDENTIFIER = dg.testapp1UITests;
				PRODUCT_NAME = "$(TARGET_NAME)";
				TEST_TARGET_NAME = testapp1;
			};
			name = Debug;
		};
		3FF514E51D376EDF0098FF14 /* Release */ = {
			isa = XCBuildConfiguration;
			buildSettings = {
				INFOPLIST_FILE = testapp1UITests/Info.plist;
				LD_RUNPATH_SEARCH_PATHS = "$(inherited) @executable_path/Frameworks @loader_path/Frameworks";
				PRODUCT_BUNDLE_IDENTIFIER = dg.testapp1UITests;
				PRODUCT_NAME = "$(TARGET_NAME)";
				TEST_TARGET_NAME = testapp1;
			};
			name = Release;
		};
/* End XCBuildConfiguration section */

/* Begin XCConfigurationList section */
		3FF514B01D376ECE0098FF14 /* Build configuration list for PBXProject "testapp1" */ = {
			isa = XCConfigurationList;
			buildConfigurations = (
				3FF514DB1D376EDF0098FF14 /* Debug */,
				3FF514DC1D376EDF0098FF14 /* Release */,
			);
			defaultConfigurationIsVisible = 0;
			defaultConfigurationName = Release;
		};
		3FF514DD1D376EDF0098FF14 /* Build configuration list for PBXNativeTarget "testapp1" */ = {
			isa = XCConfigurationList;
			buildConfigurations = (
				3FF514DE1D376EDF0098FF14 /* Debug */,
				3FF514DF1D376EDF0098FF14 /* Release */,
			);
			defaultConfigurationIsVisible = 0;
		};
		3FF514E01D376EDF0098FF14 /* Build configuration list for PBXNativeTarget "testapp1Tests" */ = {
			isa = XCConfigurationList;
			buildConfigurations = (
				3FF514E11D376EDF0098FF14 /* Debug */,
				3FF514E21D376EDF0098FF14 /* Release */,
			);
			defaultConfigurationIsVisible = 0;
		};
		3FF514E31D376EDF0098FF14 /* Build configuration list for PBXNativeTarget "testapp1UITests" */ = {
			isa = XCConfigurationList;
			buildConfigurations = (
				3FF514E41D376EDF0098FF14 /* Debug */,
				3FF514E51D376EDF0098FF14 /* Release */,
			);
			defaultConfigurationIsVisible = 0;
		};
/* End XCConfigurationList section */
	};
	rootObject = 3FF514AD1D376ECE0098FF14 /* Project object */;
}
