// !$*UTF8*$!
{
	archiveVersion = 1;
	classes = {
	};
	objectVersion = 46;
	objects = {

/* Begin PBXBuildFile section */
		3FA146441DC7BDFD00182EE7 /* AppDelegate.swift in Sources */ = {isa = PBXBuildFile; fileRef = 3FA146431DC7BDFD00182EE7 /* AppDelegate.swift */; };
		3FA146461DC7BDFD00182EE7 /* ViewController.swift in Sources */ = {isa = PBXBuildFile; fileRef = 3FA146451DC7BDFD00182EE7 /* ViewController.swift */; };
		3FA146491DC7BDFD00182EE7 /* Main.storyboard in Resources */ = {isa = PBXBuildFile; fileRef = 3FA146471DC7BDFD00182EE7 /* Main.storyboard */; };
		3FA1464B1DC7BDFD00182EE7 /* Assets.xcassets in Resources */ = {isa = PBXBuildFile; fileRef = 3FA1464A1DC7BDFD00182EE7 /* Assets.xcassets */; };
		3FA1464E1DC7BDFD00182EE7 /* LaunchScreen.storyboard in Resources */ = {isa = PBXBuildFile; fileRef = 3FA1464C1DC7BDFD00182EE7 /* LaunchScreen.storyboard */; };
/* End PBXBuildFile section */

/* Begin PBXFileReference section */
		3FA146401DC7BDFD00182EE7 /* webTest.app */ = {isa = PBXFileReference; explicitFileType = wrapper.application; includeInIndex = 0; path = webTest.app; sourceTree = BUILT_PRODUCTS_DIR; };
		3FA146431DC7BDFD00182EE7 /* AppDelegate.swift */ = {isa = PBXFileReference; lastKnownFileType = sourcecode.swift; path = AppDelegate.swift; sourceTree = "<group>"; };
		3FA146451DC7BDFD00182EE7 /* ViewController.swift */ = {isa = PBXFileReference; lastKnownFileType = sourcecode.swift; path = ViewController.swift; sourceTree = "<group>"; };
		3FA146481DC7BDFD00182EE7 /* Base */ = {isa = PBXFileReference; lastKnownFileType = file.storyboard; name = Base; path = Base.lproj/Main.storyboard; sourceTree = "<group>"; };
		3FA1464A1DC7BDFD00182EE7 /* Assets.xcassets */ = {isa = PBXFileReference; lastKnownFileType = folder.assetcatalog; path = Assets.xcassets; sourceTree = "<group>"; };
		3FA1464D1DC7BDFD00182EE7 /* Base */ = {isa = PBXFileReference; lastKnownFileType = file.storyboard; name = Base; path = Base.lproj/LaunchScreen.storyboard; sourceTree = "<group>"; };
		3FA1464F1DC7BDFD00182EE7 /* Info.plist */ = {isa = PBXFileReference; lastKnownFileType = text.plist.xml; path = Info.plist; sourceTree = "<group>"; };
/* End PBXFileReference section */

/* Begin PBXFrameworksBuildPhase section */
		3FA1463D1DC7BDFD00182EE7 /* Frameworks */ = {
			isa = PBXFrameworksBuildPhase;
			buildActionMask = 2147483647;
			files = (
			);
			runOnlyForDeploymentPostprocessing = 0;
		};
/* End PBXFrameworksBuildPhase section */

/* Begin PBXGroup section */
		3FA146371DC7BDFC00182EE7 = {
			isa = PBXGroup;
			children = (
				3FA146421DC7BDFD00182EE7 /* webTest */,
				3FA146411DC7BDFD00182EE7 /* Products */,
			);
			sourceTree = "<group>";
		};
		3FA146411DC7BDFD00182EE7 /* Products */ = {
			isa = PBXGroup;
			children = (
				3FA146401DC7BDFD00182EE7 /* webTest.app */,
			);
			name = Products;
			sourceTree = "<group>";
		};
		3FA146421DC7BDFD00182EE7 /* webTest */ = {
			isa = PBXGroup;
			children = (
				3FA146431DC7BDFD00182EE7 /* AppDelegate.swift */,
				3FA146451DC7BDFD00182EE7 /* ViewController.swift */,
				3FA146471DC7BDFD00182EE7 /* Main.storyboard */,
				3FA1464A1DC7BDFD00182EE7 /* Assets.xcassets */,
				3FA1464C1DC7BDFD00182EE7 /* LaunchScreen.storyboard */,
				3FA1464F1DC7BDFD00182EE7 /* Info.plist */,
			);
			path = webTest;
			sourceTree = "<group>";
		};
/* End PBXGroup section */

/* Begin PBXNativeTarget section */
		3FA1463F1DC7BDFD00182EE7 /* webTest */ = {
			isa = PBXNativeTarget;
			buildConfigurationList = 3FA146521DC7BDFD00182EE7 /* Build configuration list for PBXNativeTarget "webTest" */;
			buildPhases = (
				3FA1463C1DC7BDFD00182EE7 /* Sources */,
				3FA1463D1DC7BDFD00182EE7 /* Frameworks */,
				3FA1463E1DC7BDFD00182EE7 /* Resources */,
			);
			buildRules = (
			);
			dependencies = (
			);
			name = webTest;
			productName = webTest;
			productReference = 3FA146401DC7BDFD00182EE7 /* webTest.app */;
			productType = "com.apple.product-type.application";
		};
/* End PBXNativeTarget section */

/* Begin PBXProject section */
		3FA146381DC7BDFC00182EE7 /* Project object */ = {
			isa = PBXProject;
			attributes = {
				LastSwiftUpdateCheck = 0800;
				LastUpgradeCheck = 0800;
				ORGANIZATIONNAME = dg;
				TargetAttributes = {
					3FA1463F1DC7BDFD00182EE7 = {
						CreatedOnToolsVersion = 8.0;
						ProvisioningStyle = Automatic;
					};
				};
			};
			buildConfigurationList = 3FA1463B1DC7BDFC00182EE7 /* Build configuration list for PBXProject "webTest" */;
			compatibilityVersion = "Xcode 3.2";
			developmentRegion = English;
			hasScannedForEncodings = 0;
			knownRegions = (
				en,
				Base,
			);
			mainGroup = 3FA146371DC7BDFC00182EE7;
			productRefGroup = 3FA146411DC7BDFD00182EE7 /* Products */;
			projectDirPath = "";
			projectRoot = "";
			targets = (
				3FA1463F1DC7BDFD00182EE7 /* webTest */,
			);
		};
/* End PBXProject section */

/* Begin PBXResourcesBuildPhase section */
		3FA1463E1DC7BDFD00182EE7 /* Resources */ = {
			isa = PBXResourcesBuildPhase;
			buildActionMask = 2147483647;
			files = (
				3FA1464E1DC7BDFD00182EE7 /* LaunchScreen.storyboard in Resources */,
				3FA1464B1DC7BDFD00182EE7 /* Assets.xcassets in Resources */,
				3FA146491DC7BDFD00182EE7 /* Main.storyboard in Resources */,
			);
			runOnlyForDeploymentPostprocessing = 0;
		};
/* End PBXResourcesBuildPhase section */

/* Begin PBXSourcesBuildPhase section */
		3FA1463C1DC7BDFD00182EE7 /* Sources */ = {
			isa = PBXSourcesBuildPhase;
			buildActionMask = 2147483647;
			files = (
				3FA146461DC7BDFD00182EE7 /* ViewController.swift in Sources */,
				3FA146441DC7BDFD00182EE7 /* AppDelegate.swift in Sources */,
			);
			runOnlyForDeploymentPostprocessing = 0;
		};
/* End PBXSourcesBuildPhase section */

/* Begin PBXVariantGroup section */
		3FA146471DC7BDFD00182EE7 /* Main.storyboard */ = {
			isa = PBXVariantGroup;
			children = (
				3FA146481DC7BDFD00182EE7 /* Base */,
			);
			name = Main.storyboard;
			sourceTree = "<group>";
		};
		3FA1464C1DC7BDFD00182EE7 /* LaunchScreen.storyboard */ = {
			isa = PBXVariantGroup;
			children = (
				3FA1464D1DC7BDFD00182EE7 /* Base */,
			);
			name = LaunchScreen.storyboard;
			sourceTree = "<group>";
		};
/* End PBXVariantGroup section */

/* Begin XCBuildConfiguration section */
		3FA146501DC7BDFD00182EE7 /* Debug */ = {
			isa = XCBuildConfiguration;
			buildSettings = {
				ALWAYS_SEARCH_USER_PATHS = NO;
				CLANG_ANALYZER_NONNULL = YES;
				CLANG_CXX_LANGUAGE_STANDARD = "gnu++0x";
				CLANG_CXX_LIBRARY = "libc++";
				CLANG_ENABLE_MODULES = YES;
				CLANG_ENABLE_OBJC_ARC = YES;
				CLANG_WARN_BOOL_CONVERSION = YES;
				CLANG_WARN_CONSTANT_CONVERSION = YES;
				CLANG_WARN_DIRECT_OBJC_ISA_USAGE = YES_ERROR;
				CLANG_WARN_DOCUMENTATION_COMMENTS = YES;
				CLANG_WARN_EMPTY_BODY = YES;
				CLANG_WARN_ENUM_CONVERSION = YES;
				CLANG_WARN_INFINITE_RECURSION = YES;
				CLANG_WARN_INT_CONVERSION = YES;
				CLANG_WARN_OBJC_ROOT_CLASS = YES_ERROR;
				CLANG_WARN_SUSPICIOUS_MOVES = YES;
				CLANG_WARN_UNREACHABLE_CODE = YES;
				CLANG_WARN__DUPLICATE_METHOD_MATCH = YES;
				"CODE_SIGN_IDENTITY[sdk=iphoneos*]" = "iPhone Developer";
				COPY_PHASE_STRIP = NO;
				DEBUG_INFORMATION_FORMAT = dwarf;
				ENABLE_STRICT_OBJC_MSGSEND = YES;
				ENABLE_TESTABILITY = YES;
				GCC_C_LANGUAGE_STANDARD = gnu99;
				GCC_DYNAMIC_NO_PIC = NO;
				GCC_NO_COMMON_BLOCKS = YES;
				GCC_OPTIMIZATION_LEVEL = 0;
				GCC_PREPROCESSOR_DEFINITIONS = (
					"DEBUG=1",
					"$(inherited)",
				);
				GCC_WARN_64_TO_32_BIT_CONVERSION = YES;
				GCC_WARN_ABOUT_RETURN_TYPE = YES_ERROR;
				GCC_WARN_UNDECLARED_SELECTOR = YES;
				GCC_WARN_UNINITIALIZED_AUTOS = YES_AGGRESSIVE;
				GCC_WARN_UNUSED_FUNCTION = YES;
				GCC_WARN_UNUSED_VARIABLE = YES;
				IPHONEOS_DEPLOYMENT_TARGET = 10.0;
				MTL_ENABLE_DEBUG_INFO = YES;
				ONLY_ACTIVE_ARCH = YES;
				SDKROOT = iphoneos;
				SWIFT_ACTIVE_COMPILATION_CONDITIONS = DEBUG;
				SWIFT_OPTIMIZATION_LEVEL = "-Onone";
			};
			name = Debug;
		};
		3FA146511DC7BDFD00182EE7 /* Release */ = {
			isa = XCBuildConfiguration;
			buildSettings = {
				ALWAYS_SEARCH_USER_PATHS = NO;
				CLANG_ANALYZER_NONNULL = YES;
				CLANG_CXX_LANGUAGE_STANDARD = "gnu++0x";
				CLANG_CXX_LIBRARY = "libc++";
				CLANG_ENABLE_MODULES = YES;
				CLANG_ENABLE_OBJC_ARC = YES;
				CLANG_WARN_BOOL_CONVERSION = YES;
				CLANG_WARN_CONSTANT_CONVERSION = YES;
				CLANG_WARN_DIRECT_OBJC_ISA_USAGE = YES_ERROR;
				CLANG_WARN_DOCUMENTATION_COMMENTS = YES;
				CLANG_WARN_EMPTY_BODY = YES;
				CLANG_WARN_ENUM_CONVERSION = YES;
				CLANG_WARN_INFINITE_RECURSION = YES;
				CLANG_WARN_INT_CONVERSION = YES;
				CLANG_WARN_OBJC_ROOT_CLASS = YES_ERROR;
				CLANG_WARN_SUSPICIOUS_MOVES = YES;
				CLANG_WARN_UNREACHABLE_CODE = YES;
				CLANG_WARN__DUPLICATE_METHOD_MATCH = YES;
				"CODE_SIGN_IDENTITY[sdk=iphoneos*]" = "iPhone Developer";
				COPY_PHASE_STRIP = NO;
				DEBUG_INFORMATION_FORMAT = "dwarf-with-dsym";
				ENABLE_NS_ASSERTIONS = NO;
				ENABLE_STRICT_OBJC_MSGSEND = YES;
				GCC_C_LANGUAGE_STANDARD = gnu99;
				GCC_NO_COMMON_BLOCKS = YES;
				GCC_WARN_64_TO_32_BIT_CONVERSION = YES;
				GCC_WARN_ABOUT_RETURN_TYPE = YES_ERROR;
				GCC_WARN_UNDECLARED_SELECTOR = YES;
				GCC_WARN_UNINITIALIZED_AUTOS = YES_AGGRESSIVE;
				GCC_WARN_UNUSED_FUNCTION = YES;
				GCC_WARN_UNUSED_VARIABLE = YES;
				IPHONEOS_DEPLOYMENT_TARGET = 10.0;
				MTL_ENABLE_DEBUG_INFO = NO;
				SDKROOT = iphoneos;
				SWIFT_OPTIMIZATION_LEVEL = "-Owholemodule";
				VALIDATE_PRODUCT = YES;
			};
			name = Release;
		};
		3FA146531DC7BDFD00182EE7 /* Debug */ = {
			isa = XCBuildConfiguration;
			buildSettings = {
				ASSETCATALOG_COMPILER_APPICON_NAME = AppIcon;
				DEVELOPMENT_TEAM = "";
				INFOPLIST_FILE = webTest/Info.plist;
				IPHONEOS_DEPLOYMENT_TARGET = 9.3;
				LD_RUNPATH_SEARCH_PATHS = "$(inherited) @executable_path/Frameworks";
				PRODUCT_BUNDLE_IDENTIFIER = dg.webTest;
				PRODUCT_NAME = "$(TARGET_NAME)";
				SWIFT_VERSION = 3.0;
			};
			name = Debug;
		};
		3FA146541DC7BDFD00182EE7 /* Release */ = {
			isa = XCBuildConfiguration;
			buildSettings = {
				ASSETCATALOG_COMPILER_APPICON_NAME = AppIcon;
				DEVELOPMENT_TEAM = "";
				INFOPLIST_FILE = webTest/Info.plist;
				IPHONEOS_DEPLOYMENT_TARGET = 9.3;
				LD_RUNPATH_SEARCH_PATHS = "$(inherited) @executable_path/Frameworks";
				PRODUCT_BUNDLE_IDENTIFIER = dg.webTest;
				PRODUCT_NAME = "$(TARGET_NAME)";
				SWIFT_VERSION = 3.0;
			};
			name = Release;
		};
/* End XCBuildConfiguration section */

/* Begin XCConfigurationList section */
		3FA1463B1DC7BDFC00182EE7 /* Build configuration list for PBXProject "webTest" */ = {
			isa = XCConfigurationList;
			buildConfigurations = (
				3FA146501DC7BDFD00182EE7 /* Debug */,
				3FA146511DC7BDFD00182EE7 /* Release */,
			);
			defaultConfigurationIsVisible = 0;
			defaultConfigurationName = Release;
		};
		3FA146521DC7BDFD00182EE7 /* Build configuration list for PBXNativeTarget "webTest" */ = {
			isa = XCConfigurationList;
			buildConfigurations = (
				3FA146531DC7BDFD00182EE7 /* Debug */,
				3FA146541DC7BDFD00182EE7 /* Release */,
			);
			defaultConfigurationIsVisible = 0;
			defaultConfigurationName = Release;
		};
/* End XCConfigurationList section */
	};
	rootObject = 3FA146381DC7BDFC00182EE7 /* Project object */;
}
